<?xml version="1.0" encoding="utf-8"?>
<Project ToolsVersion="4.0" xmlns="http://schemas.microsoft.com/developer/msbuild/2003">
  <ItemGroup>
    <Filter Include="Source Files">
      <UniqueIdentifier>{a4def784-78c8-480c-a860-f39c9492be36}</UniqueIdentifier>
    </Filter>
    <Filter Include="Header Files">
      <UniqueIdentifier>{869005f3-359e-4f7f-be39-0b2a8aa84a25}</UniqueIdentifier>
    </Filter>
    <Filter Include="Libraries">
      <UniqueIdentifier>{97a017d3-c008-4e9c-8f94-d963dc0758fb}</UniqueIdentifier>
    </Filter>
  </ItemGroup>
  <ItemGroup>
    <ClCompile Include="src\main.cpp">
      <Filter>Source Files</Filter>
    </ClCompile>
  </ItemGroup>
  <ItemGroup>
    <ClInclude Include="include\UTL_DateTime.h" />
    <ClInclude Include="include\UTL_Files.h" />
    <ClInclude Include="include\UTL_Text.h" />
    <ClInclude Include="include\UTL_json.h" />
    <ClInclude Include="include\UTL_Settings.h" />
  </ItemGroup>
</Project>